// !$*UTF8*$!
{
	archiveVersion = 1;
	classes = {
	};
	objectVersion = 56;
	objects = {

/* Begin PBXBuildFile section */
		A32253A92C89141D008A18CB /* AppCrisApp.swift in Sources */ = {isa = PBXBuildFile; fileRef = A32253A82C89141D008A18CB /* AppCrisApp.swift */; };
		A32253AB2C89141D008A18CB /* ContentView.swift in Sources */ = {isa = PBXBuildFile; fileRef = A32253AA2C89141D008A18CB /* ContentView.swift */; };
		A32253AD2C89141E008A18CB /* Assets.xcassets in Resources */ = {isa = PBXBuildFile; fileRef = A32253AC2C89141E008A18CB /* Assets.xcassets */; };
		A32253B02C89141E008A18CB /* Preview Assets.xcassets in Resources */ = {isa = PBXBuildFile; fileRef = A32253AF2C89141E008A18CB /* Preview Assets.xcassets */; };
		A32253BA2C89141E008A18CB /* AppCrisTests.swift in Sources */ = {isa = PBXBuildFile; fileRef = A32253B92C89141E008A18CB /* AppCrisTests.swift */; };
		A32253C42C89141E008A18CB /* AppCrisUITests.swift in Sources */ = {isa = PBXBuildFile; fileRef = A32253C32C89141E008A18CB /* AppCrisUITests.swift */; };
		A32253C62C89141E008A18CB /* AppCrisUITestsLaunchTests.swift in Sources */ = {isa = PBXBuildFile; fileRef = A32253C52C89141E008A18CB /* AppCrisUITestsLaunchTests.swift */; };
/* End PBXBuildFile section */

/* Begin PBXContainerItemProxy section */
		A32253B62C89141E008A18CB /* PBXContainerItemProxy */ = {
			isa = PBXContainerItemProxy;
			containerPortal = A322539D2C89141D008A18CB /* Project object */;
			proxyType = 1;
			remoteGlobalIDString = A32253A42C89141D008A18CB;
			remoteInfo = AppCris;
		};
		A32253C02C89141E008A18CB /* PBXContainerItemProxy */ = {
			isa = PBXContainerItemProxy;
			containerPortal = A322539D2C89141D008A18CB /* Project object */;
			proxyType = 1;
			remoteGlobalIDString = A32253A42C89141D008A18CB;
			remoteInfo = AppCris;
		};
/* End PBXContainerItemProxy section */

/* Begin PBXFileReference section */
		A32253A52C89141D008A18CB /* AppCris.app */ = {isa = PBXFileReference; explicitFileType = wrapper.application; includeInIndex = 0; path = AppCris.app; sourceTree = BUILT_PRODUCTS_DIR; };
		A32253A82C89141D008A18CB /* AppCrisApp.swift */ = {isa = PBXFileReference; lastKnownFileType = sourcecode.swift; path = AppCrisApp.swift; sourceTree = "<group>"; };
		A32253AA2C89141D008A18CB /* ContentView.swift */ = {isa = PBXFileReference; lastKnownFileType = sourcecode.swift; path = ContentView.swift; sourceTree = "<group>"; };
		A32253AC2C89141E008A18CB /* Assets.xcassets */ = {isa = PBXFileReference; lastKnownFileType = folder.assetcatalog; path = Assets.xcassets; sourceTree = "<group>"; };
		A32253AF2C89141E008A18CB /* Preview Assets.xcassets */ = {isa = PBXFileReference; lastKnownFileType = folder.assetcatalog; path = "Preview Assets.xcassets"; sourceTree = "<group>"; };
		A32253B52C89141E008A18CB /* AppCrisTests.xctest */ = {isa = PBXFileReference; explicitFileType = wrapper.cfbundle; includeInIndex = 0; path = AppCrisTests.xctest; sourceTree = BUILT_PRODUCTS_DIR; };
		A32253B92C89141E008A18CB /* AppCrisTests.swift */ = {isa = PBXFileReference; lastKnownFileType = sourcecode.swift; path = AppCrisTests.swift; sourceTree = "<group>"; };
		A32253BF2C89141E008A18CB /* AppCrisUITests.xctest */ = {isa = PBXFileReference; explicitFileType = wrapper.cfbundle; includeInIndex = 0; path = AppCrisUITests.xctest; sourceTree = BUILT_PRODUCTS_DIR; };
		A32253C32C89141E008A18CB /* AppCrisUITests.swift */ = {isa = PBXFileReference; lastKnownFileType = sourcecode.swift; path = AppCrisUITests.swift; sourceTree = "<group>"; };
		A32253C52C89141E008A18CB /* AppCrisUITestsLaunchTests.swift */ = {isa = PBXFileReference; lastKnownFileType = sourcecode.swift; path = AppCrisUITestsLaunchTests.swift; sourceTree = "<group>"; };
/* End PBXFileReference section */

/* Begin PBXFrameworksBuildPhase section */
		A32253A22C89141D008A18CB /* Frameworks */ = {
			isa = PBXFrameworksBuildPhase;
			buildActionMask = 2147483647;
			files = (
			);
			runOnlyForDeploymentPostprocessing = 0;
		};
		A32253B22C89141E008A18CB /* Frameworks */ = {
			isa = PBXFrameworksBuildPhase;
			buildActionMask = 2147483647;
			files = (
			);
			runOnlyForDeploymentPostprocessing = 0;
		};
		A32253BC2C89141E008A18CB /* Frameworks */ = {
			isa = PBXFrameworksBuildPhase;
			buildActionMask = 2147483647;
			files = (
			);
			runOnlyForDeploymentPostprocessing = 0;
		};
/* End PBXFrameworksBuildPhase section */

/* Begin PBXGroup section */
		A322539C2C89141D008A18CB = {
			isa = PBXGroup;
			children = (
				A32253A72C89141D008A18CB /* AppCris */,
				A32253B82C89141E008A18CB /* AppCrisTests */,
				A32253C22C89141E008A18CB /* AppCrisUITests */,
				A32253A62C89141D008A18CB /* Products */,
			);
			sourceTree = "<group>";
		};
		A32253A62C89141D008A18CB /* Products */ = {
			isa = PBXGroup;
			children = (
				A32253A52C89141D008A18CB /* AppCris.app */,
				A32253B52C89141E008A18CB /* AppCrisTests.xctest */,
				A32253BF2C89141E008A18CB /* AppCrisUITests.xctest */,
			);
			name = Products;
			sourceTree = "<group>";
		};
		A32253A72C89141D008A18CB /* AppCris */ = {
			isa = PBXGroup;
			children = (
				A32253A82C89141D008A18CB /* AppCrisApp.swift */,
				A32253AA2C89141D008A18CB /* ContentView.swift */,
				A32253AC2C89141E008A18CB /* Assets.xcassets */,
				A32253AE2C89141E008A18CB /* Preview Content */,
			);
			path = AppCris;
			sourceTree = "<group>";
		};
		A32253AE2C89141E008A18CB /* Preview Content */ = {
			isa = PBXGroup;
			children = (
				A32253AF2C89141E008A18CB /* Preview Assets.xcassets */,
			);
			path = "Preview Content";
			sourceTree = "<group>";
		};
		A32253B82C89141E008A18CB /* AppCrisTests */ = {
			isa = PBXGroup;
			children = (
				A32253B92C89141E008A18CB /* AppCrisTests.swift */,
			);
			path = AppCrisTests;
			sourceTree = "<group>";
		};
		A32253C22C89141E008A18CB /* AppCrisUITests */ = {
			isa = PBXGroup;
			children = (
				A32253C32C89141E008A18CB /* AppCrisUITests.swift */,
				A32253C52C89141E008A18CB /* AppCrisUITestsLaunchTests.swift */,
			);
			path = AppCrisUITests;
			sourceTree = "<group>";
		};
/* End PBXGroup section */

/* Begin PBXNativeTarget section */
		A32253A42C89141D008A18CB /* AppCris */ = {
			isa = PBXNativeTarget;
			buildConfigurationList = A32253C92C89141E008A18CB /* Build configuration list for PBXNativeTarget "AppCris" */;
			buildPhases = (
				A32253A12C89141D008A18CB /* Sources */,
				A32253A22C89141D008A18CB /* Frameworks */,
				A32253A32C89141D008A18CB /* Resources */,
			);
			buildRules = (
			);
			dependencies = (
			);
			name = AppCris;
			productName = AppCris;
			productReference = A32253A52C89141D008A18CB /* AppCris.app */;
			productType = "com.apple.product-type.application";
		};
		A32253B42C89141E008A18CB /* AppCrisTests */ = {
			isa = PBXNativeTarget;
			buildConfigurationList = A32253CC2C89141E008A18CB /* Build configuration list for PBXNativeTarget "AppCrisTests" */;
			buildPhases = (
				A32253B12C89141E008A18CB /* Sources */,
				A32253B22C89141E008A18CB /* Frameworks */,
				A32253B32C89141E008A18CB /* Resources */,
			);
			buildRules = (
			);
			dependencies = (
				A32253B72C89141E008A18CB /* PBXTargetDependency */,
			);
			name = AppCrisTests;
			productName = AppCrisTests;
			productReference = A32253B52C89141E008A18CB /* AppCrisTests.xctest */;
			productType = "com.apple.product-type.bundle.unit-test";
		};
		A32253BE2C89141E008A18CB /* AppCrisUITests */ = {
			isa = PBXNativeTarget;
			buildConfigurationList = A32253CF2C89141E008A18CB /* Build configuration list for PBXNativeTarget "AppCrisUITests" */;
			buildPhases = (
				A32253BB2C89141E008A18CB /* Sources */,
				A32253BC2C89141E008A18CB /* Frameworks */,
				A32253BD2C89141E008A18CB /* Resources */,
			);
			buildRules = (
			);
			dependencies = (
				A32253C12C89141E008A18CB /* PBXTargetDependency */,
			);
			name = AppCrisUITests;
			productName = AppCrisUITests;
			productReference = A32253BF2C89141E008A18CB /* AppCrisUITests.xctest */;
			productType = "com.apple.product-type.bundle.ui-testing";
		};
/* End PBXNativeTarget section */

/* Begin PBXProject section */
		A322539D2C89141D008A18CB /* Project object */ = {
			isa = PBXProject;
			attributes = {
				BuildIndependentTargetsInParallel = 1;
				LastSwiftUpdateCheck = 1500;
				LastUpgradeCheck = 1500;
				TargetAttributes = {
					A32253A42C89141D008A18CB = {
						CreatedOnToolsVersion = 15.0.1;
					};
					A32253B42C89141E008A18CB = {
						CreatedOnToolsVersion = 15.0.1;
						TestTargetID = A32253A42C89141D008A18CB;
					};
					A32253BE2C89141E008A18CB = {
						CreatedOnToolsVersion = 15.0.1;
						TestTargetID = A32253A42C89141D008A18CB;
					};
				};
			};
			buildConfigurationList = A32253A02C89141D008A18CB /* Build configuration list for PBXProject "AppCris" */;
			compatibilityVersion = "Xcode 14.0";
			developmentRegion = en;
			hasScannedForEncodings = 0;
			knownRegions = (
				en,
				Base,
			);
			mainGroup = A322539C2C89141D008A18CB;
			productRefGroup = A32253A62C89141D008A18CB /* Products */;
			projectDirPath = "";
			projectRoot = "";
			targets = (
				A32253A42C89141D008A18CB /* AppCris */,
				A32253B42C89141E008A18CB /* AppCrisTests */,
				A32253BE2C89141E008A18CB /* AppCrisUITests */,
			);
		};
/* End PBXProject section */

/* Begin PBXResourcesBuildPhase section */
		A32253A32C89141D008A18CB /* Resources */ = {
			isa = PBXResourcesBuildPhase;
			buildActionMask = 2147483647;
			files = (
				A32253B02C89141E008A18CB /* Preview Assets.xcassets in Resources */,
				A32253AD2C89141E008A18CB /* Assets.xcassets in Resources */,
			);
			runOnlyForDeploymentPostprocessing = 0;
		};
		A32253B32C89141E008A18CB /* Resources */ = {
			isa = PBXResourcesBuildPhase;
			buildActionMask = 2147483647;
			files = (
			);
			runOnlyForDeploymentPostprocessing = 0;
		};
		A32253BD2C89141E008A18CB /* Resources */ = {
			isa = PBXResourcesBuildPhase;
			buildActionMask = 2147483647;
			files = (
			);
			runOnlyForDeploymentPostprocessing = 0;
		};
/* End PBXResourcesBuildPhase section */

/* Begin PBXSourcesBuildPhase section */
		A32253A12C89141D008A18CB /* Sources */ = {
			isa = PBXSourcesBuildPhase;
			buildActionMask = 2147483647;
			files = (
				A32253AB2C89141D008A18CB /* ContentView.swift in Sources */,
				A32253A92C89141D008A18CB /* AppCrisApp.swift in Sources */,
			);
			runOnlyForDeploymentPostprocessing = 0;
		};
		A32253B12C89141E008A18CB /* Sources */ = {
			isa = PBXSourcesBuildPhase;
			buildActionMask = 2147483647;
			files = (
				A32253BA2C89141E008A18CB /* AppCrisTests.swift in Sources */,
			);
			runOnlyForDeploymentPostprocessing = 0;
		};
		A32253BB2C89141E008A18CB /* Sources */ = {
			isa = PBXSourcesBuildPhase;
			buildActionMask = 2147483647;
			files = (
				A32253C42C89141E008A18CB /* AppCrisUITests.swift in Sources */,
				A32253C62C89141E008A18CB /* AppCrisUITestsLaunchTests.swift in Sources */,
			);
			runOnlyForDeploymentPostprocessing = 0;
		};
/* End PBXSourcesBuildPhase section */

/* Begin PBXTargetDependency section */
		A32253B72C89141E008A18CB /* PBXTargetDependency */ = {
			isa = PBXTargetDependency;
			target = A32253A42C89141D008A18CB /* AppCris */;
			targetProxy = A32253B62C89141E008A18CB /* PBXContainerItemProxy */;
		};
		A32253C12C89141E008A18CB /* PBXTargetDependency */ = {
			isa = PBXTargetDependency;
			target = A32253A42C89141D008A18CB /* AppCris */;
			targetProxy = A32253C02C89141E008A18CB /* PBXContainerItemProxy */;
		};
/* End PBXTargetDependency section */

/* Begin XCBuildConfiguration section */
		A32253C72C89141E008A18CB /* Debug */ = {
			isa = XCBuildConfiguration;
			buildSettings = {
				ALWAYS_SEARCH_USER_PATHS = NO;
				ASSETCATALOG_COMPILER_GENERATE_SWIFT_ASSET_SYMBOL_EXTENSIONS = YES;
				CLANG_ANALYZER_NONNULL = YES;
				CLANG_ANALYZER_NUMBER_OBJECT_CONVERSION = YES_AGGRESSIVE;
				CLANG_CXX_LANGUAGE_STANDARD = "gnu++20";
				CLANG_ENABLE_MODULES = YES;
				CLANG_ENABLE_OBJC_ARC = YES;
				CLANG_ENABLE_OBJC_WEAK = YES;
				CLANG_WARN_BLOCK_CAPTURE_AUTORELEASING = YES;
				CLANG_WARN_BOOL_CONVERSION = YES;
				CLANG_WARN_COMMA = YES;
				CLANG_WARN_CONSTANT_CONVERSION = YES;
				CLANG_WARN_DEPRECATED_OBJC_IMPLEMENTATIONS = YES;
				CLANG_WARN_DIRECT_OBJC_ISA_USAGE = YES_ERROR;
				CLANG_WARN_DOCUMENTATION_COMMENTS = YES;
				CLANG_WARN_EMPTY_BODY = YES;
				CLANG_WARN_ENUM_CONVERSION = YES;
				CLANG_WARN_INFINITE_RECURSION = YES;
				CLANG_WARN_INT_CONVERSION = YES;
				CLANG_WARN_NON_LITERAL_NULL_CONVERSION = YES;
				CLANG_WARN_OBJC_IMPLICIT_RETAIN_SELF = YES;
				CLANG_WARN_OBJC_LITERAL_CONVERSION = YES;
				CLANG_WARN_OBJC_ROOT_CLASS = YES_ERROR;
				CLANG_WARN_QUOTED_INCLUDE_IN_FRAMEWORK_HEADER = YES;
				CLANG_WARN_RANGE_LOOP_ANALYSIS = YES;
				CLANG_WARN_STRICT_PROTOTYPES = YES;
				CLANG_WARN_SUSPICIOUS_MOVE = YES;
				CLANG_WARN_UNGUARDED_AVAILABILITY = YES_AGGRESSIVE;
				CLANG_WARN_UNREACHABLE_CODE = YES;
				CLANG_WARN__DUPLICATE_METHOD_MATCH = YES;
				COPY_PHASE_STRIP = NO;
				DEBUG_INFORMATION_FORMAT = dwarf;
				ENABLE_STRICT_OBJC_MSGSEND = YES;
				ENABLE_TESTABILITY = YES;
				ENABLE_USER_SCRIPT_SANDBOXING = YES;
				GCC_C_LANGUAGE_STANDARD = gnu17;
				GCC_DYNAMIC_NO_PIC = NO;
				GCC_NO_COMMON_BLOCKS = YES;
				GCC_OPTIMIZATION_LEVEL = 0;
				GCC_PREPROCESSOR_DEFINITIONS = (
					"DEBUG=1",
					"$(inherited)",
				);
				GCC_WARN_64_TO_32_BIT_CONVERSION = YES;
				GCC_WARN_ABOUT_RETURN_TYPE = YES_ERROR;
				GCC_WARN_UNDECLARED_SELECTOR = YES;
				GCC_WARN_UNINITIALIZED_AUTOS = YES_AGGRESSIVE;
				GCC_WARN_UNUSED_FUNCTION = YES;
				GCC_WARN_UNUSED_VARIABLE = YES;
				IPHONEOS_DEPLOYMENT_TARGET = 17.0;
				LOCALIZATION_PREFERS_STRING_CATALOGS = YES;
				MTL_ENABLE_DEBUG_INFO = INCLUDE_SOURCE;
				MTL_FAST_MATH = YES;
				ONLY_ACTIVE_ARCH = YES;
				SDKROOT = iphoneos;
				SWIFT_ACTIVE_COMPILATION_CONDITIONS = "DEBUG $(inherited)";
				SWIFT_OPTIMIZATION_LEVEL = "-Onone";
			};
			name = Debug;
		};
		A32253C82C89141E008A18CB /* Release */ = {
			isa = XCBuildConfiguration;
			buildSettings = {
				ALWAYS_SEARCH_USER_PATHS = NO;
				ASSETCATALOG_COMPILER_GENERATE_SWIFT_ASSET_SYMBOL_EXTENSIONS = YES;
				CLANG_ANALYZER_NONNULL = YES;
				CLANG_ANALYZER_NUMBER_OBJECT_CONVERSION = YES_AGGRESSIVE;
				CLANG_CXX_LANGUAGE_STANDARD = "gnu++20";
				CLANG_ENABLE_MODULES = YES;
				CLANG_ENABLE_OBJC_ARC = YES;
				CLANG_ENABLE_OBJC_WEAK = YES;
				CLANG_WARN_BLOCK_CAPTURE_AUTORELEASING = YES;
				CLANG_WARN_BOOL_CONVERSION = YES;
				CLANG_WARN_COMMA = YES;
				CLANG_WARN_CONSTANT_CONVERSION = YES;
				CLANG_WARN_DEPRECATED_OBJC_IMPLEMENTATIONS = YES;
				CLANG_WARN_DIRECT_OBJC_ISA_USAGE = YES_ERROR;
				CLANG_WARN_DOCUMENTATION_COMMENTS = YES;
				CLANG_WARN_EMPTY_BODY = YES;
				CLANG_WARN_ENUM_CONVERSION = YES;
				CLANG_WARN_INFINITE_RECURSION = YES;
				CLANG_WARN_INT_CONVERSION = YES;
				CLANG_WARN_NON_LITERAL_NULL_CONVERSION = YES;
				CLANG_WARN_OBJC_IMPLICIT_RETAIN_SELF = YES;
				CLANG_WARN_OBJC_LITERAL_CONVERSION = YES;
				CLANG_WARN_OBJC_ROOT_CLASS = YES_ERROR;
				CLANG_WARN_QUOTED_INCLUDE_IN_FRAMEWORK_HEADER = YES;
				CLANG_WARN_RANGE_LOOP_ANALYSIS = YES;
				CLANG_WARN_STRICT_PROTOTYPES = YES;
				CLANG_WARN_SUSPICIOUS_MOVE = YES;
				CLANG_WARN_UNGUARDED_AVAILABILITY = YES_AGGRESSIVE;
				CLANG_WARN_UNREACHABLE_CODE = YES;
				CLANG_WARN__DUPLICATE_METHOD_MATCH = YES;
				COPY_PHASE_STRIP = NO;
				DEBUG_INFORMATION_FORMAT = "dwarf-with-dsym";
				ENABLE_NS_ASSERTIONS = NO;
				ENABLE_STRICT_OBJC_MSGSEND = YES;
				ENABLE_USER_SCRIPT_SANDBOXING = YES;
				GCC_C_LANGUAGE_STANDARD = gnu17;
				GCC_NO_COMMON_BLOCKS = YES;
				GCC_WARN_64_TO_32_BIT_CONVERSION = YES;
				GCC_WARN_ABOUT_RETURN_TYPE = YES_ERROR;
				GCC_WARN_UNDECLARED_SELECTOR = YES;
				GCC_WARN_UNINITIALIZED_AUTOS = YES_AGGRESSIVE;
				GCC_WARN_UNUSED_FUNCTION = YES;
				GCC_WARN_UNUSED_VARIABLE = YES;
				IPHONEOS_DEPLOYMENT_TARGET = 17.0;
				LOCALIZATION_PREFERS_STRING_CATALOGS = YES;
				MTL_ENABLE_DEBUG_INFO = NO;
				MTL_FAST_MATH = YES;
				SDKROOT = iphoneos;
				SWIFT_COMPILATION_MODE = wholemodule;
				VALIDATE_PRODUCT = YES;
			};
			name = Release;
		};
		A32253CA2C89141E008A18CB /* Debug */ = {
			isa = XCBuildConfiguration;
			buildSettings = {
				ASSETCATALOG_COMPILER_APPICON_NAME = AppIcon;
				ASSETCATALOG_COMPILER_GLOBAL_ACCENT_COLOR_NAME = AccentColor;
				CODE_SIGN_STYLE = Automatic;
				CURRENT_PROJECT_VERSION = 1;
				DEVELOPMENT_ASSET_PATHS = "\"AppCris/Preview Content\"";
				ENABLE_PREVIEWS = YES;
				GENERATE_INFOPLIST_FILE = YES;
				INFOPLIST_KEY_UIApplicationSceneManifest_Generation = YES;
				INFOPLIST_KEY_UIApplicationSupportsIndirectInputEvents = YES;
				INFOPLIST_KEY_UILaunchScreen_Generation = YES;
				INFOPLIST_KEY_UISupportedInterfaceOrientations_iPad = "UIInterfaceOrientationPortrait UIInterfaceOrientationPortraitUpsideDown UIInterfaceOrientationLandscapeLeft UIInterfaceOrientationLandscapeRight";
				INFOPLIST_KEY_UISupportedInterfaceOrientations_iPhone = "UIInterfaceOrientationPortrait UIInterfaceOrientationLandscapeLeft UIInterfaceOrientationLandscapeRight";
				LD_RUNPATH_SEARCH_PATHS = (
					"$(inherited)",
					"@executable_path/Frameworks",
				);
				MARKETING_VERSION = 1.0;
				PRODUCT_BUNDLE_IDENTIFIER = edu.AppCris;
				PRODUCT_NAME = "$(TARGET_NAME)";
				SWIFT_EMIT_LOC_STRINGS = YES;
				SWIFT_VERSION = 5.0;
				TARGETED_DEVICE_FAMILY = "1,2";
			};
			name = Debug;
		};
		A32253CB2C89141E008A18CB /* Release */ = {
			isa = XCBuildConfiguration;
			buildSettings = {
				ASSETCATALOG_COMPILER_APPICON_NAME = AppIcon;
				ASSETCATALOG_COMPILER_GLOBAL_ACCENT_COLOR_NAME = AccentColor;
				CODE_SIGN_STYLE = Automatic;
				CURRENT_PROJECT_VERSION = 1;
				DEVELOPMENT_ASSET_PATHS = "\"AppCris/Preview Content\"";
				ENABLE_PREVIEWS = YES;
				GENERATE_INFOPLIST_FILE = YES;
				INFOPLIST_KEY_UIApplicationSceneManifest_Generation = YES;
				INFOPLIST_KEY_UIApplicationSupportsIndirectInputEvents = YES;
				INFOPLIST_KEY_UILaunchScreen_Generation = YES;
				INFOPLIST_KEY_UISupportedInterfaceOrientations_iPad = "UIInterfaceOrientationPortrait UIInterfaceOrientationPortraitUpsideDown UIInterfaceOrientationLandscapeLeft UIInterfaceOrientationLandscapeRight";
				INFOPLIST_KEY_UISupportedInterfaceOrientations_iPhone = "UIInterfaceOrientationPortrait UIInterfaceOrientationLandscapeLeft UIInterfaceOrientationLandscapeRight";
				LD_RUNPATH_SEARCH_PATHS = (
					"$(inherited)",
					"@executable_path/Frameworks",
				);
				MARKETING_VERSION = 1.0;
				PRODUCT_BUNDLE_IDENTIFIER = edu.AppCris;
				PRODUCT_NAME = "$(TARGET_NAME)";
				SWIFT_EMIT_LOC_STRINGS = YES;
				SWIFT_VERSION = 5.0;
				TARGETED_DEVICE_FAMILY = "1,2";
			};
			name = Release;
		};
		A32253CD2C89141E008A18CB /* Debug */ = {
			isa = XCBuildConfiguration;
			buildSettings = {
				ALWAYS_EMBED_SWIFT_STANDARD_LIBRARIES = YES;
				BUNDLE_LOADER = "$(TEST_HOST)";
				CODE_SIGN_STYLE = Automatic;
				CURRENT_PROJECT_VERSION = 1;
				GENERATE_INFOPLIST_FILE = YES;
				IPHONEOS_DEPLOYMENT_TARGET = 17.0;
				MARKETING_VERSION = 1.0;
				PRODUCT_BUNDLE_IDENTIFIER = edu.AppCrisTests;
				PRODUCT_NAME = "$(TARGET_NAME)";
				SWIFT_EMIT_LOC_STRINGS = NO;
				SWIFT_VERSION = 5.0;
				TARGETED_DEVICE_FAMILY = "1,2";
				TEST_HOST = "$(BUILT_PRODUCTS_DIR)/AppCris.app/$(BUNDLE_EXECUTABLE_FOLDER_PATH)/AppCris";
			};
			name = Debug;
		};
		A32253CE2C89141E008A18CB /* Release */ = {
			isa = XCBuildConfiguration;
			buildSettings = {
				ALWAYS_EMBED_SWIFT_STANDARD_LIBRARIES = YES;
				BUNDLE_LOADER = "$(TEST_HOST)";
				CODE_SIGN_STYLE = Automatic;
				CURRENT_PROJECT_VERSION = 1;
				GENERATE_INFOPLIST_FILE = YES;
				IPHONEOS_DEPLOYMENT_TARGET = 17.0;
				MARKETING_VERSION = 1.0;
				PRODUCT_BUNDLE_IDENTIFIER = edu.AppCrisTests;
				PRODUCT_NAME = "$(TARGET_NAME)";
				SWIFT_EMIT_LOC_STRINGS = NO;
				SWIFT_VERSION = 5.0;
				TARGETED_DEVICE_FAMILY = "1,2";
				TEST_HOST = "$(BUILT_PRODUCTS_DIR)/AppCris.app/$(BUNDLE_EXECUTABLE_FOLDER_PATH)/AppCris";
			};
			name = Release;
		};
		A32253D02C89141E008A18CB /* Debug */ = {
			isa = XCBuildConfiguration;
			buildSettings = {
				ALWAYS_EMBED_SWIFT_STANDARD_LIBRARIES = YES;
				CODE_SIGN_STYLE = Automatic;
				CURRENT_PROJECT_VERSION = 1;
				GENERATE_INFOPLIST_FILE = YES;
				MARKETING_VERSION = 1.0;
				PRODUCT_BUNDLE_IDENTIFIER = edu.AppCrisUITests;
				PRODUCT_NAME = "$(TARGET_NAME)";
				SWIFT_EMIT_LOC_STRINGS = NO;
				SWIFT_VERSION = 5.0;
				TARGETED_DEVICE_FAMILY = "1,2";
				TEST_TARGET_NAME = AppCris;
			};
			name = Debug;
		};
		A32253D12C89141E008A18CB /* Release */ = {
			isa = XCBuildConfiguration;
			buildSettings = {
				ALWAYS_EMBED_SWIFT_STANDARD_LIBRARIES = YES;
				CODE_SIGN_STYLE = Automatic;
				CURRENT_PROJECT_VERSION = 1;
				GENERATE_INFOPLIST_FILE = YES;
				MARKETING_VERSION = 1.0;
				PRODUCT_BUNDLE_IDENTIFIER = edu.AppCrisUITests;
				PRODUCT_NAME = "$(TARGET_NAME)";
				SWIFT_EMIT_LOC_STRINGS = NO;
				SWIFT_VERSION = 5.0;
				TARGETED_DEVICE_FAMILY = "1,2";
				TEST_TARGET_NAME = AppCris;
			};
			name = Release;
		};
/* End XCBuildConfiguration section */

/* Begin XCConfigurationList section */
		A32253A02C89141D008A18CB /* Build configuration list for PBXProject "AppCris" */ = {
			isa = XCConfigurationList;
			buildConfigurations = (
				A32253C72C89141E008A18CB /* Debug */,
				A32253C82C89141E008A18CB /* Release */,
			);
			defaultConfigurationIsVisible = 0;
			defaultConfigurationName = Release;
		};
		A32253C92C89141E008A18CB /* Build configuration list for PBXNativeTarget "AppCris" */ = {
			isa = XCConfigurationList;
			buildConfigurations = (
				A32253CA2C89141E008A18CB /* Debug */,
				A32253CB2C89141E008A18CB /* Release */,
			);
			defaultConfigurationIsVisible = 0;
			defaultConfigurationName = Release;
		};
		A32253CC2C89141E008A18CB /* Build configuration list for PBXNativeTarget "AppCrisTests" */ = {
			isa = XCConfigurationList;
			buildConfigurations = (
				A32253CD2C89141E008A18CB /* Debug */,
				A32253CE2C89141E008A18CB /* Release */,
			);
			defaultConfigurationIsVisible = 0;
			defaultConfigurationName = Release;
		};
		A32253CF2C89141E008A18CB /* Build configuration list for PBXNativeTarget "AppCrisUITests" */ = {
			isa = XCConfigurationList;
			buildConfigurations = (
				A32253D02C89141E008A18CB /* Debug */,
				A32253D12C89141E008A18CB /* Release */,
			);
			defaultConfigurationIsVisible = 0;
			defaultConfigurationName = Release;
		};
/* End XCConfigurationList section */
	};
	rootObject = A322539D2C89141D008A18CB /* Project object */;
}
